
Microsoft Visual Studio Solution File, Format Version 12.00
# Visual Studio Version 16
VisualStudioVersion = 16.0.31205.134
MinimumVisualStudioVersion = 10.0.40219.1
Project("{FAE04EC0-301F-11D3-BF4B-00C04F79EFBC}") = "PeGi", "PeGi.csproj", "{BC09011F-CC27-4BC8-96D0-7D1DB6346FC7}"
EndProject
Project("{FAE04EC0-301F-11D3-BF4B-00C04F79EFBC}") = "Business", "Business\Business.csproj", "{39B00106-EDD0-4EB6-B9B7-E5187C0B599D}"
EndProject
Global
	GlobalSection(SolutionConfigurationPlatforms) = preSolution
		Debug|Any CPU = Debug|Any CPU
		Release|Any CPU = Release|Any CPU
	EndGlobalSection
	GlobalSection(ProjectConfigurationPlatforms) = postSolution
		{BC09011F-CC27-4BC8-96D0-7D1DB6346FC7}.Debug|Any CPU.ActiveCfg = Debug|Any CPU
		{BC09011F-CC27-4BC8-96D0-7D1DB6346FC7}.Debug|Any CPU.Build.0 = Debug|Any CPU
		{BC09011F-CC27-4BC8-96D0-7D1DB6346FC7}.Release|Any CPU.ActiveCfg = Release|Any CPU
		{BC09011F-CC27-4BC8-96D0-7D1DB6346FC7}.Release|Any CPU.Build.0 = Release|Any CPU
		{39B00106-EDD0-4EB6-B9B7-E5187C0B599D}.Debug|Any CPU.ActiveCfg = Debug|Any CPU
		{39B00106-EDD0-4EB6-B9B7-E5187C0B599D}.Debug|Any CPU.Build.0 = Debug|Any CPU
		{39B00106-EDD0-4EB6-B9B7-E5187C0B599D}.Release|Any CPU.ActiveCfg = Release|Any CPU
		{39B00106-EDD0-4EB6-B9B7-E5187C0B599D}.Release|Any CPU.Build.0 = Release|Any CPU
	EndGlobalSection
	GlobalSection(SolutionProperties) = preSolution
		HideSolutionNode = FALSE
	EndGlobalSection
	GlobalSection(ExtensibilityGlobals) = postSolution
		SolutionGuid = {DC794077-9AF5-4797-93D3-099D04888322}
	EndGlobalSection
EndGlobal
